
Microsoft Visual Studio Solution File, Format Version 12.00
# Visual Studio Version 17
VisualStudioVersion = 17.4.33205.214
MinimumVisualStudioVersion = 10.0.40219.1
Project("{FAE04EC0-301F-11D3-BF4B-00C04F79EFBC}") = "POS.Web", "pos-app-2\POS.Web.csproj", "{0203F401-A7E9-4EDF-B25D-EEC8C1EA05CD}"
EndProject
Project("{FAE04EC0-301F-11D3-BF4B-00C04F79EFBC}") = "POS.Repository", "POS.Repository\POS.Repository.csproj", "{5A2EF44F-57B0-422A-B34F-31118558B6F5}"
EndProject
Project("{FAE04EC0-301F-11D3-BF4B-00C04F79EFBC}") = "POS.Service", "POS.Service\POS.Service.csproj", "{0932CF4D-E43B-4661-B44C-3796EDFE9E39}"
EndProject
Global
	GlobalSection(SolutionConfigurationPlatforms) = preSolution
		Debug|Any CPU = Debug|Any CPU
		Release|Any CPU = Release|Any CPU
	EndGlobalSection
	GlobalSection(ProjectConfigurationPlatforms) = postSolution
		{0203F401-A7E9-4EDF-B25D-EEC8C1EA05CD}.Debug|Any CPU.ActiveCfg = Debug|Any CPU
		{0203F401-A7E9-4EDF-B25D-EEC8C1EA05CD}.Debug|Any CPU.Build.0 = Debug|Any CPU
		{0203F401-A7E9-4EDF-B25D-EEC8C1EA05CD}.Release|Any CPU.ActiveCfg = Release|Any CPU
		{0203F401-A7E9-4EDF-B25D-EEC8C1EA05CD}.Release|Any CPU.Build.0 = Release|Any CPU
		{5A2EF44F-57B0-422A-B34F-31118558B6F5}.Debug|Any CPU.ActiveCfg = Debug|Any CPU
		{5A2EF44F-57B0-422A-B34F-31118558B6F5}.Debug|Any CPU.Build.0 = Debug|Any CPU
		{5A2EF44F-57B0-422A-B34F-31118558B6F5}.Release|Any CPU.ActiveCfg = Release|Any CPU
		{5A2EF44F-57B0-422A-B34F-31118558B6F5}.Release|Any CPU.Build.0 = Release|Any CPU
		{0932CF4D-E43B-4661-B44C-3796EDFE9E39}.Debug|Any CPU.ActiveCfg = Debug|Any CPU
		{0932CF4D-E43B-4661-B44C-3796EDFE9E39}.Debug|Any CPU.Build.0 = Debug|Any CPU
		{0932CF4D-E43B-4661-B44C-3796EDFE9E39}.Release|Any CPU.ActiveCfg = Release|Any CPU
		{0932CF4D-E43B-4661-B44C-3796EDFE9E39}.Release|Any CPU.Build.0 = Release|Any CPU
	EndGlobalSection
	GlobalSection(SolutionProperties) = preSolution
		HideSolutionNode = FALSE
	EndGlobalSection
	GlobalSection(ExtensibilityGlobals) = postSolution
		SolutionGuid = {C4ED3C9F-0B2F-48A6-824C-90FC0EA2AC5D}
	EndGlobalSection
EndGlobal
