
Microsoft Visual Studio Solution File, Format Version 12.00
# Visual Studio Version 17
VisualStudioVersion = 17.4.33205.214
MinimumVisualStudioVersion = 10.0.40219.1
Project("{9A19103F-16F7-4668-BE54-9A1E7A4F7556}") = "POS.Web", "POS.Web\POS.Web.csproj", "{62079295-BC9B-4E65-B526-744C0C1D527B}"
EndProject
Project("{9A19103F-16F7-4668-BE54-9A1E7A4F7556}") = "POS.Service", "POS.Service\POS.Service.csproj", "{72993AC8-2B0E-4C0F-82E5-D5F67476FCE8}"
EndProject
Project("{FAE04EC0-301F-11D3-BF4B-00C04F79EFBC}") = "POS.DataContext", "POS.DataContext\POS.DataContext.csproj", "{9B32EAF3-6EF2-45BC-BD0D-B91A9E53BFF1}"
EndProject
Global
	GlobalSection(SolutionConfigurationPlatforms) = preSolution
		Debug|Any CPU = Debug|Any CPU
		Release|Any CPU = Release|Any CPU
	EndGlobalSection
	GlobalSection(ProjectConfigurationPlatforms) = postSolution
		{62079295-BC9B-4E65-B526-744C0C1D527B}.Debug|Any CPU.ActiveCfg = Debug|Any CPU
		{62079295-BC9B-4E65-B526-744C0C1D527B}.Debug|Any CPU.Build.0 = Debug|Any CPU
		{62079295-BC9B-4E65-B526-744C0C1D527B}.Release|Any CPU.ActiveCfg = Release|Any CPU
		{62079295-BC9B-4E65-B526-744C0C1D527B}.Release|Any CPU.Build.0 = Release|Any CPU
		{72993AC8-2B0E-4C0F-82E5-D5F67476FCE8}.Debug|Any CPU.ActiveCfg = Debug|Any CPU
		{72993AC8-2B0E-4C0F-82E5-D5F67476FCE8}.Debug|Any CPU.Build.0 = Debug|Any CPU
		{72993AC8-2B0E-4C0F-82E5-D5F67476FCE8}.Release|Any CPU.ActiveCfg = Release|Any CPU
		{72993AC8-2B0E-4C0F-82E5-D5F67476FCE8}.Release|Any CPU.Build.0 = Release|Any CPU
		{9B32EAF3-6EF2-45BC-BD0D-B91A9E53BFF1}.Debug|Any CPU.ActiveCfg = Debug|Any CPU
		{9B32EAF3-6EF2-45BC-BD0D-B91A9E53BFF1}.Debug|Any CPU.Build.0 = Debug|Any CPU
		{9B32EAF3-6EF2-45BC-BD0D-B91A9E53BFF1}.Release|Any CPU.ActiveCfg = Release|Any CPU
		{9B32EAF3-6EF2-45BC-BD0D-B91A9E53BFF1}.Release|Any CPU.Build.0 = Release|Any CPU
	EndGlobalSection
	GlobalSection(SolutionProperties) = preSolution
		HideSolutionNode = FALSE
	EndGlobalSection
	GlobalSection(ExtensibilityGlobals) = postSolution
		SolutionGuid = {BC1CB09F-77AD-4DCB-9EDF-0173019C5C64}
	EndGlobalSection
EndGlobal
